
Microsoft Visual Studio Solution File, Format Version 12.00
# Visual Studio Version 16
VisualStudioVersion = 16.0.29001.49
MinimumVisualStudioVersion = 10.0.40219.1
Project("{FAE04EC0-301F-11D3-BF4B-00C04F79EFBC}") = "Move picture", "Move picture\Move picture.csproj", "{44A3B360-1F27-4A1E-BFDB-0EDAAADB2C90}"
EndProject
Global
	GlobalSection(SolutionConfigurationPlatforms) = preSolution
		Debug|Any CPU = Debug|Any CPU
		Release|Any CPU = Release|Any CPU
	EndGlobalSection
	GlobalSection(ProjectConfigurationPlatforms) = postSolution
		{44A3B360-1F27-4A1E-BFDB-0EDAAADB2C90}.Debug|Any CPU.ActiveCfg = Debug|Any CPU
		{44A3B360-1F27-4A1E-BFDB-0EDAAADB2C90}.Debug|Any CPU.Build.0 = Debug|Any CPU
		{44A3B360-1F27-4A1E-BFDB-0EDAAADB2C90}.Release|Any CPU.ActiveCfg = Release|Any CPU
		{44A3B360-1F27-4A1E-BFDB-0EDAAADB2C90}.Release|Any CPU.Build.0 = Release|Any CPU
	EndGlobalSection
	GlobalSection(SolutionProperties) = preSolution
		HideSolutionNode = FALSE
	EndGlobalSection
	GlobalSection(ExtensibilityGlobals) = postSolution
		SolutionGuid = {BA81C012-CC40-4751-B54A-C7D6227F9798}
	EndGlobalSection
EndGlobal
